
Microsoft Visual Studio Solution File, Format Version 12.00
# Visual Studio Version 17
VisualStudioVersion = 17.1.32210.238
MinimumVisualStudioVersion = 10.0.40219.1
Project("{FAE04EC0-301F-11D3-BF4B-00C04F79EFBC}") = "ReferralFormGUI", "ReferralFormGUI\ReferralFormGUI.csproj", "{910BBA80-8C73-43EC-B99D-5028AAE6453A}"
EndProject
Project("{FAE04EC0-301F-11D3-BF4B-00C04F79EFBC}") = "Tests", "Tests\Tests.csproj", "{89D40DA0-79A0-4D8F-860C-0431DEB71841}"
EndProject
Global
	GlobalSection(SolutionConfigurationPlatforms) = preSolution
		Debug|Any CPU = Debug|Any CPU
		Release|Any CPU = Release|Any CPU
	EndGlobalSection
	GlobalSection(ProjectConfigurationPlatforms) = postSolution
		{910BBA80-8C73-43EC-B99D-5028AAE6453A}.Debug|Any CPU.ActiveCfg = Debug|Any CPU
		{910BBA80-8C73-43EC-B99D-5028AAE6453A}.Debug|Any CPU.Build.0 = Debug|Any CPU
		{910BBA80-8C73-43EC-B99D-5028AAE6453A}.Release|Any CPU.ActiveCfg = Release|Any CPU
		{910BBA80-8C73-43EC-B99D-5028AAE6453A}.Release|Any CPU.Build.0 = Release|Any CPU
		{89D40DA0-79A0-4D8F-860C-0431DEB71841}.Debug|Any CPU.ActiveCfg = Debug|Any CPU
		{89D40DA0-79A0-4D8F-860C-0431DEB71841}.Debug|Any CPU.Build.0 = Debug|Any CPU
		{89D40DA0-79A0-4D8F-860C-0431DEB71841}.Release|Any CPU.ActiveCfg = Release|Any CPU
		{89D40DA0-79A0-4D8F-860C-0431DEB71841}.Release|Any CPU.Build.0 = Release|Any CPU
	EndGlobalSection
	GlobalSection(SolutionProperties) = preSolution
		HideSolutionNode = FALSE
	EndGlobalSection
	GlobalSection(ExtensibilityGlobals) = postSolution
		SolutionGuid = {BDA38CD8-68F6-4F4F-AF27-54E19313D454}
	EndGlobalSection
EndGlobal
